[root]
name = "frustals"
version = "0.0.1"
dependencies = [
 "bmp 0.0.8 (registry+https://github.com/rust-lang/crates.io-index)",
 "num 0.1.12 (registry+https://github.com/rust-lang/crates.io-index)",
]

[[package]]
name = "bmp"
version = "0.0.8"
source = "registry+https://github.com/rust-lang/crates.io-index"

[[package]]
name = "num"
version = "0.1.12"
source = "registry+https://github.com/rust-lang/crates.io-index"
dependencies = [
 "rustc-serialize 0.2.12 (registry+https://github.com/rust-lang/crates.io-index)",
]

[[package]]
name = "rustc-serialize"
version = "0.2.12"
source = "registry+https://github.com/rust-lang/crates.io-index"

