# This file is automatically @generated by Cargo.
# It is not intended for manual editing.
version = 3

[[package]]
name = "advapi32-sys"
version = "0.1.2"
source = "registry+https://github.com/rust-lang/crates.io-index"
checksum = "307c92332867e586720c0222ee9d890bbe8431711efed8a1b06bc5b40fc66bd7"
dependencies = [
 "winapi",
 "winapi-build",
]

[[package]]
name = "bmp"
version = "0.1.4"
source = "registry+https://github.com/rust-lang/crates.io-index"
checksum = "33a6bb5a923248ce5f5234aecf6eca50f1f594282e846074986bd08bcb019509"
dependencies = [
 "byteorder",
]

[[package]]
name = "byteorder"
version = "0.3.11"
source = "registry+https://github.com/rust-lang/crates.io-index"
checksum = "59061d57df2d76a3365e1343897635bd64272137624f1062eb808b13b62d2bd5"

[[package]]
name = "frustals"
version = "0.0.1"
dependencies = [
 "bmp",
 "num",
]

[[package]]
name = "libc"
version = "0.1.8"
source = "registry+https://github.com/rust-lang/crates.io-index"
checksum = "a64b9ad3eea69f6f43b87c07c0534505a68c8834ad4c6bad4089de15e45cec83"

[[package]]
name = "num"
version = "0.1.25"
source = "registry+https://github.com/rust-lang/crates.io-index"
checksum = "61a000320feac287d2e21f4a74df8c7007ac3bda05ab4b87e7d4e45d8c9b1429"
dependencies = [
 "rand",
 "rustc-serialize",
]

[[package]]
name = "rand"
version = "0.3.9"
source = "registry+https://github.com/rust-lang/crates.io-index"
checksum = "275425710294d2715a1896b965fb02648745dbfac7ed3b39d5d30d6522d3d7ec"
dependencies = [
 "advapi32-sys",
 "libc",
 "winapi",
]

[[package]]
name = "rustc-serialize"
version = "0.3.15"
source = "registry+https://github.com/rust-lang/crates.io-index"
checksum = "baa1d9cc07eb702f9229bc9353443000debfe346d2c53b54c9ee9307234525f2"

[[package]]
name = "winapi"
version = "0.2.1"
source = "registry+https://github.com/rust-lang/crates.io-index"
checksum = "162d9cdc599393629f82bcafd057f0f61b0c8b12f841c6b6f7f929165598ab64"

[[package]]
name = "winapi-build"
version = "0.1.0"
source = "registry+https://github.com/rust-lang/crates.io-index"
checksum = "e1a37940539d11b5f28f9b07301d5b9531f2e5f7460d8397f521b0d93ab21016"
